
Microsoft Visual Studio Solution File, Format Version 12.00
# Visual Studio Version 17
VisualStudioVersion = 17.8.34511.84
MinimumVisualStudioVersion = 10.0.40219.1
Project("{FAE04EC0-301F-11D3-BF4B-00C04F79EFBC}") = "WPI.WebApi", "WPI.WebApi.csproj", "{66A2582D-3C28-4999-A1B4-A9338E6DDE5C}"
EndProject
Global
	GlobalSection(SolutionConfigurationPlatforms) = preSolution
		Debug|Any CPU = Debug|Any CPU
		Release|Any CPU = Release|Any CPU
	EndGlobalSection
	GlobalSection(ProjectConfigurationPlatforms) = postSolution
		{66A2582D-3C28-4999-A1B4-A9338E6DDE5C}.Debug|Any CPU.ActiveCfg = Debug|Any CPU
		{66A2582D-3C28-4999-A1B4-A9338E6DDE5C}.Debug|Any CPU.Build.0 = Debug|Any CPU
		{66A2582D-3C28-4999-A1B4-A9338E6DDE5C}.Release|Any CPU.ActiveCfg = Release|Any CPU
		{66A2582D-3C28-4999-A1B4-A9338E6DDE5C}.Release|Any CPU.Build.0 = Release|Any CPU
	EndGlobalSection
	GlobalSection(SolutionProperties) = preSolution
		HideSolutionNode = FALSE
	EndGlobalSection
	GlobalSection(ExtensibilityGlobals) = postSolution
		SolutionGuid = {F06173AB-79A5-4A25-9C32-708B18C377CA}
	EndGlobalSection
EndGlobal
